
Microsoft Visual Studio Solution File, Format Version 12.00
# Visual Studio Version 16
VisualStudioVersion = 16.0.31911.196
MinimumVisualStudioVersion = 10.0.40219.1
Project("{9A19103F-16F7-4668-BE54-9A1E7A4F7556}") = "SeleniumGridDocker", "SeleniumDocker\SeleniumGridDocker.csproj", "{B40D7A2C-8E10-4931-916D-D853C42BCDCF}"
EndProject
Global
	GlobalSection(SolutionConfigurationPlatforms) = preSolution
		Debug|Any CPU = Debug|Any CPU
		Release|Any CPU = Release|Any CPU
	EndGlobalSection
	GlobalSection(ProjectConfigurationPlatforms) = postSolution
		{B40D7A2C-8E10-4931-916D-D853C42BCDCF}.Debug|Any CPU.ActiveCfg = Debug|Any CPU
		{B40D7A2C-8E10-4931-916D-D853C42BCDCF}.Debug|Any CPU.Build.0 = Debug|Any CPU
		{B40D7A2C-8E10-4931-916D-D853C42BCDCF}.Release|Any CPU.ActiveCfg = Release|Any CPU
		{B40D7A2C-8E10-4931-916D-D853C42BCDCF}.Release|Any CPU.Build.0 = Release|Any CPU
	EndGlobalSection
	GlobalSection(SolutionProperties) = preSolution
		HideSolutionNode = FALSE
	EndGlobalSection
	GlobalSection(ExtensibilityGlobals) = postSolution
		SolutionGuid = {6773D046-C7C5-4FD3-8C57-F9E6E82A4D2C}
	EndGlobalSection
EndGlobal
